
Microsoft Visual Studio Solution File, Format Version 12.00
# Visual Studio 15
VisualStudioVersion = 15.0.28307.572
MinimumVisualStudioVersion = 10.0.40219.1
Project("{FAE04EC0-301F-11D3-BF4B-00C04F79EFBC}") = "ListBox", "ListBox\ListBox.csproj", "{2C7FA072-63A8-4B8A-AF92-0E67C7E5B91A}"
EndProject
Global
	GlobalSection(SolutionConfigurationPlatforms) = preSolution
		Debug|Any CPU = Debug|Any CPU
		Release|Any CPU = Release|Any CPU
	EndGlobalSection
	GlobalSection(ProjectConfigurationPlatforms) = postSolution
		{2C7FA072-63A8-4B8A-AF92-0E67C7E5B91A}.Debug|Any CPU.ActiveCfg = Debug|Any CPU
		{2C7FA072-63A8-4B8A-AF92-0E67C7E5B91A}.Debug|Any CPU.Build.0 = Debug|Any CPU
		{2C7FA072-63A8-4B8A-AF92-0E67C7E5B91A}.Release|Any CPU.ActiveCfg = Release|Any CPU
		{2C7FA072-63A8-4B8A-AF92-0E67C7E5B91A}.Release|Any CPU.Build.0 = Release|Any CPU
	EndGlobalSection
	GlobalSection(SolutionProperties) = preSolution
		HideSolutionNode = FALSE
	EndGlobalSection
	GlobalSection(ExtensibilityGlobals) = postSolution
		SolutionGuid = {CDF69DFE-C92C-46E2-B6E6-6A8D2ACD1767}
	EndGlobalSection
EndGlobal
